// !$*UTF8*$!
{
	archiveVersion = 1;
	classes = {
	};
	objectVersion = 46;
	objects = {

/* Begin PBXBuildFile section */
		9B0315971C61DCFD00CBEA18 /* Launch Screen.storyboard in Resources */ = {isa = PBXBuildFile; fileRef = 9B0315961C61DCFD00CBEA18 /* Launch Screen.storyboard */; };
		9B750DDF1C61A9F500DD46C4 /* main.m in Sources */ = {isa = PBXBuildFile; fileRef = 9B750DDE1C61A9F500DD46C4 /* main.m */; };
		9B750DE21C61A9F500DD46C4 /* AppDelegate.m in Sources */ = {isa = PBXBuildFile; fileRef = 9B750DE11C61A9F500DD46C4 /* AppDelegate.m */; };
		9B750DE51C61A9F500DD46C4 /* ViewController.m in Sources */ = {isa = PBXBuildFile; fileRef = 9B750DE41C61A9F500DD46C4 /* ViewController.m */; };
		9B750DE81C61A9F500DD46C4 /* Main.storyboard in Resources */ = {isa = PBXBuildFile; fileRef = 9B750DE61C61A9F500DD46C4 /* Main.storyboard */; };
		9B750DEA1C61A9F500DD46C4 /* Assets.xcassets in Resources */ = {isa = PBXBuildFile; fileRef = 9B750DE91C61A9F500DD46C4 /* Assets.xcassets */; };
		9B750DF81C61A9F500DD46C4 /* KVOTestTests.m in Sources */ = {isa = PBXBuildFile; fileRef = 9B750DF71C61A9F500DD46C4 /* KVOTestTests.m */; };
		9B750E031C61A9F500DD46C4 /* KVOTestUITests.m in Sources */ = {isa = PBXBuildFile; fileRef = 9B750E021C61A9F500DD46C4 /* KVOTestUITests.m */; };
		9B750E121C61AA0700DD46C4 /* People.m in Sources */ = {isa = PBXBuildFile; fileRef = 9B750E111C61AA0700DD46C4 /* People.m */; };
/* End PBXBuildFile section */

/* Begin PBXContainerItemProxy section */
		9B750DF41C61A9F500DD46C4 /* PBXContainerItemProxy */ = {
			isa = PBXContainerItemProxy;
			containerPortal = 9B750DD21C61A9F500DD46C4 /* Project object */;
			proxyType = 1;
			remoteGlobalIDString = 9B750DD91C61A9F500DD46C4;
			remoteInfo = KVOTest;
		};
		9B750DFF1C61A9F500DD46C4 /* PBXContainerItemProxy */ = {
			isa = PBXContainerItemProxy;
			containerPortal = 9B750DD21C61A9F500DD46C4 /* Project object */;
			proxyType = 1;
			remoteGlobalIDString = 9B750DD91C61A9F500DD46C4;
			remoteInfo = KVOTest;
		};
/* End PBXContainerItemProxy section */

/* Begin PBXFileReference section */
		9B0315961C61DCFD00CBEA18 /* Launch Screen.storyboard */ = {isa = PBXFileReference; fileEncoding = 4; lastKnownFileType = file.storyboard; path = "Launch Screen.storyboard"; sourceTree = "<group>"; };
		9B750DDA1C61A9F500DD46C4 /* KVOTest.app */ = {isa = PBXFileReference; explicitFileType = wrapper.application; includeInIndex = 0; path = KVOTest.app; sourceTree = BUILT_PRODUCTS_DIR; };
		9B750DDE1C61A9F500DD46C4 /* main.m */ = {isa = PBXFileReference; lastKnownFileType = sourcecode.c.objc; path = main.m; sourceTree = "<group>"; };
		9B750DE01C61A9F500DD46C4 /* AppDelegate.h */ = {isa = PBXFileReference; lastKnownFileType = sourcecode.c.h; path = AppDelegate.h; sourceTree = "<group>"; };
		9B750DE11C61A9F500DD46C4 /* AppDelegate.m */ = {isa = PBXFileReference; lastKnownFileType = sourcecode.c.objc; path = AppDelegate.m; sourceTree = "<group>"; };
		9B750DE31C61A9F500DD46C4 /* ViewController.h */ = {isa = PBXFileReference; lastKnownFileType = sourcecode.c.h; path = ViewController.h; sourceTree = "<group>"; };
		9B750DE41C61A9F500DD46C4 /* ViewController.m */ = {isa = PBXFileReference; lastKnownFileType = sourcecode.c.objc; path = ViewController.m; sourceTree = "<group>"; };
		9B750DE71C61A9F500DD46C4 /* Base */ = {isa = PBXFileReference; lastKnownFileType = file.storyboard; name = Base; path = Base.lproj/Main.storyboard; sourceTree = "<group>"; };
		9B750DE91C61A9F500DD46C4 /* Assets.xcassets */ = {isa = PBXFileReference; lastKnownFileType = folder.assetcatalog; path = Assets.xcassets; sourceTree = "<group>"; };
		9B750DEE1C61A9F500DD46C4 /* Info.plist */ = {isa = PBXFileReference; lastKnownFileType = text.plist.xml; path = Info.plist; sourceTree = "<group>"; };
		9B750DF31C61A9F500DD46C4 /* KVOTestTests.xctest */ = {isa = PBXFileReference; explicitFileType = wrapper.cfbundle; includeInIndex = 0; path = KVOTestTests.xctest; sourceTree = BUILT_PRODUCTS_DIR; };
		9B750DF71C61A9F500DD46C4 /* KVOTestTests.m */ = {isa = PBXFileReference; lastKnownFileType = sourcecode.c.objc; path = KVOTestTests.m; sourceTree = "<group>"; };
		9B750DF91C61A9F500DD46C4 /* Info.plist */ = {isa = PBXFileReference; lastKnownFileType = text.plist.xml; path = Info.plist; sourceTree = "<group>"; };
		9B750DFE1C61A9F500DD46C4 /* KVOTestUITests.xctest */ = {isa = PBXFileReference; explicitFileType = wrapper.cfbundle; includeInIndex = 0; path = KVOTestUITests.xctest; sourceTree = BUILT_PRODUCTS_DIR; };
		9B750E021C61A9F500DD46C4 /* KVOTestUITests.m */ = {isa = PBXFileReference; lastKnownFileType = sourcecode.c.objc; path = KVOTestUITests.m; sourceTree = "<group>"; };
		9B750E041C61A9F500DD46C4 /* Info.plist */ = {isa = PBXFileReference; lastKnownFileType = text.plist.xml; path = Info.plist; sourceTree = "<group>"; };
		9B750E101C61AA0700DD46C4 /* People.h */ = {isa = PBXFileReference; fileEncoding = 4; lastKnownFileType = sourcecode.c.h; path = People.h; sourceTree = "<group>"; };
		9B750E111C61AA0700DD46C4 /* People.m */ = {isa = PBXFileReference; fileEncoding = 4; lastKnownFileType = sourcecode.c.objc; path = People.m; sourceTree = "<group>"; };
/* End PBXFileReference section */

/* Begin PBXFrameworksBuildPhase section */
		9B750DD71C61A9F500DD46C4 /* Frameworks */ = {
			isa = PBXFrameworksBuildPhase;
			buildActionMask = 2147483647;
			files = (
			);
			runOnlyForDeploymentPostprocessing = 0;
		};
		9B750DF01C61A9F500DD46C4 /* Frameworks */ = {
			isa = PBXFrameworksBuildPhase;
			buildActionMask = 2147483647;
			files = (
			);
			runOnlyForDeploymentPostprocessing = 0;
		};
		9B750DFB1C61A9F500DD46C4 /* Frameworks */ = {
			isa = PBXFrameworksBuildPhase;
			buildActionMask = 2147483647;
			files = (
			);
			runOnlyForDeploymentPostprocessing = 0;
		};
/* End PBXFrameworksBuildPhase section */

/* Begin PBXGroup section */
		9B750DD11C61A9F500DD46C4 = {
			isa = PBXGroup;
			children = (
				9B750DDC1C61A9F500DD46C4 /* KVOTest */,
				9B750DF61C61A9F500DD46C4 /* KVOTestTests */,
				9B750E011C61A9F500DD46C4 /* KVOTestUITests */,
				9B750DDB1C61A9F500DD46C4 /* Products */,
			);
			sourceTree = "<group>";
		};
		9B750DDB1C61A9F500DD46C4 /* Products */ = {
			isa = PBXGroup;
			children = (
				9B750DDA1C61A9F500DD46C4 /* KVOTest.app */,
				9B750DF31C61A9F500DD46C4 /* KVOTestTests.xctest */,
				9B750DFE1C61A9F500DD46C4 /* KVOTestUITests.xctest */,
			);
			name = Products;
			sourceTree = "<group>";
		};
		9B750DDC1C61A9F500DD46C4 /* KVOTest */ = {
			isa = PBXGroup;
			children = (
				9B750DE01C61A9F500DD46C4 /* AppDelegate.h */,
				9B750DE11C61A9F500DD46C4 /* AppDelegate.m */,
				9B750DE31C61A9F500DD46C4 /* ViewController.h */,
				9B750DE41C61A9F500DD46C4 /* ViewController.m */,
				9B750E101C61AA0700DD46C4 /* People.h */,
				9B750E111C61AA0700DD46C4 /* People.m */,
				9B750DE61C61A9F500DD46C4 /* Main.storyboard */,
				9B0315961C61DCFD00CBEA18 /* Launch Screen.storyboard */,
				9B750DE91C61A9F500DD46C4 /* Assets.xcassets */,
				9B750DEE1C61A9F500DD46C4 /* Info.plist */,
				9B750DDD1C61A9F500DD46C4 /* Supporting Files */,
			);
			path = KVOTest;
			sourceTree = "<group>";
		};
		9B750DDD1C61A9F500DD46C4 /* Supporting Files */ = {
			isa = PBXGroup;
			children = (
				9B750DDE1C61A9F500DD46C4 /* main.m */,
			);
			name = "Supporting Files";
			sourceTree = "<group>";
		};
		9B750DF61C61A9F500DD46C4 /* KVOTestTests */ = {
			isa = PBXGroup;
			children = (
				9B750DF71C61A9F500DD46C4 /* KVOTestTests.m */,
				9B750DF91C61A9F500DD46C4 /* Info.plist */,
			);
			path = KVOTestTests;
			sourceTree = "<group>";
		};
		9B750E011C61A9F500DD46C4 /* KVOTestUITests */ = {
			isa = PBXGroup;
			children = (
				9B750E021C61A9F500DD46C4 /* KVOTestUITests.m */,
				9B750E041C61A9F500DD46C4 /* Info.plist */,
			);
			path = KVOTestUITests;
			sourceTree = "<group>";
		};
/* End PBXGroup section */

/* Begin PBXNativeTarget section */
		9B750DD91C61A9F500DD46C4 /* KVOTest */ = {
			isa = PBXNativeTarget;
			buildConfigurationList = 9B750E071C61A9F500DD46C4 /* Build configuration list for PBXNativeTarget "KVOTest" */;
			buildPhases = (
				9B750DD61C61A9F500DD46C4 /* Sources */,
				9B750DD71C61A9F500DD46C4 /* Frameworks */,
				9B750DD81C61A9F500DD46C4 /* Resources */,
			);
			buildRules = (
			);
			dependencies = (
			);
			name = KVOTest;
			productName = KVOTest;
			productReference = 9B750DDA1C61A9F500DD46C4 /* KVOTest.app */;
			productType = "com.apple.product-type.application";
		};
		9B750DF21C61A9F500DD46C4 /* KVOTestTests */ = {
			isa = PBXNativeTarget;
			buildConfigurationList = 9B750E0A1C61A9F500DD46C4 /* Build configuration list for PBXNativeTarget "KVOTestTests" */;
			buildPhases = (
				9B750DEF1C61A9F500DD46C4 /* Sources */,
				9B750DF01C61A9F500DD46C4 /* Frameworks */,
				9B750DF11C61A9F500DD46C4 /* Resources */,
			);
			buildRules = (
			);
			dependencies = (
				9B750DF51C61A9F500DD46C4 /* PBXTargetDependency */,
			);
			name = KVOTestTests;
			productName = KVOTestTests;
			productReference = 9B750DF31C61A9F500DD46C4 /* KVOTestTests.xctest */;
			productType = "com.apple.product-type.bundle.unit-test";
		};
		9B750DFD1C61A9F500DD46C4 /* KVOTestUITests */ = {
			isa = PBXNativeTarget;
			buildConfigurationList = 9B750E0D1C61A9F500DD46C4 /* Build configuration list for PBXNativeTarget "KVOTestUITests" */;
			buildPhases = (
				9B750DFA1C61A9F500DD46C4 /* Sources */,
				9B750DFB1C61A9F500DD46C4 /* Frameworks */,
				9B750DFC1C61A9F500DD46C4 /* Resources */,
			);
			buildRules = (
			);
			dependencies = (
				9B750E001C61A9F500DD46C4 /* PBXTargetDependency */,
			);
			name = KVOTestUITests;
			productName = KVOTestUITests;
			productReference = 9B750DFE1C61A9F500DD46C4 /* KVOTestUITests.xctest */;
			productType = "com.apple.product-type.bundle.ui-testing";
		};
/* End PBXNativeTarget section */

/* Begin PBXProject section */
		9B750DD21C61A9F500DD46C4 /* Project object */ = {
			isa = PBXProject;
			attributes = {
				LastUpgradeCheck = 0720;
				ORGANIZATIONNAME = wanglei;
				TargetAttributes = {
					9B750DD91C61A9F500DD46C4 = {
						CreatedOnToolsVersion = 7.2;
					};
					9B750DF21C61A9F500DD46C4 = {
						CreatedOnToolsVersion = 7.2;
						TestTargetID = 9B750DD91C61A9F500DD46C4;
					};
					9B750DFD1C61A9F500DD46C4 = {
						CreatedOnToolsVersion = 7.2;
						TestTargetID = 9B750DD91C61A9F500DD46C4;
					};
				};
			};
			buildConfigurationList = 9B750DD51C61A9F500DD46C4 /* Build configuration list for PBXProject "KVOTest" */;
			compatibilityVersion = "Xcode 3.2";
			developmentRegion = English;
			hasScannedForEncodings = 0;
			knownRegions = (
				en,
				Base,
			);
			mainGroup = 9B750DD11C61A9F500DD46C4;
			productRefGroup = 9B750DDB1C61A9F500DD46C4 /* Products */;
			projectDirPath = "";
			projectRoot = "";
			targets = (
				9B750DD91C61A9F500DD46C4 /* KVOTest */,
				9B750DF21C61A9F500DD46C4 /* KVOTestTests */,
				9B750DFD1C61A9F500DD46C4 /* KVOTestUITests */,
			);
		};
/* End PBXProject section */

/* Begin PBXResourcesBuildPhase section */
		9B750DD81C61A9F500DD46C4 /* Resources */ = {
			isa = PBXResourcesBuildPhase;
			buildActionMask = 2147483647;
			files = (
				9B0315971C61DCFD00CBEA18 /* Launch Screen.storyboard in Resources */,
				9B750DEA1C61A9F500DD46C4 /* Assets.xcassets in Resources */,
				9B750DE81C61A9F500DD46C4 /* Main.storyboard in Resources */,
			);
			runOnlyForDeploymentPostprocessing = 0;
		};
		9B750DF11C61A9F500DD46C4 /* Resources */ = {
			isa = PBXResourcesBuildPhase;
			buildActionMask = 2147483647;
			files = (
			);
			runOnlyForDeploymentPostprocessing = 0;
		};
		9B750DFC1C61A9F500DD46C4 /* Resources */ = {
			isa = PBXResourcesBuildPhase;
			buildActionMask = 2147483647;
			files = (
			);
			runOnlyForDeploymentPostprocessing = 0;
		};
/* End PBXResourcesBuildPhase section */

/* Begin PBXSourcesBuildPhase section */
		9B750DD61C61A9F500DD46C4 /* Sources */ = {
			isa = PBXSourcesBuildPhase;
			buildActionMask = 2147483647;
			files = (
				9B750E121C61AA0700DD46C4 /* People.m in Sources */,
				9B750DE51C61A9F500DD46C4 /* ViewController.m in Sources */,
				9B750DE21C61A9F500DD46C4 /* AppDelegate.m in Sources */,
				9B750DDF1C61A9F500DD46C4 /* main.m in Sources */,
			);
			runOnlyForDeploymentPostprocessing = 0;
		};
		9B750DEF1C61A9F500DD46C4 /* Sources */ = {
			isa = PBXSourcesBuildPhase;
			buildActionMask = 2147483647;
			files = (
				9B750DF81C61A9F500DD46C4 /* KVOTestTests.m in Sources */,
			);
			runOnlyForDeploymentPostprocessing = 0;
		};
		9B750DFA1C61A9F500DD46C4 /* Sources */ = {
			isa = PBXSourcesBuildPhase;
			buildActionMask = 2147483647;
			files = (
				9B750E031C61A9F500DD46C4 /* KVOTestUITests.m in Sources */,
			);
			runOnlyForDeploymentPostprocessing = 0;
		};
/* End PBXSourcesBuildPhase section */

/* Begin PBXTargetDependency section */
		9B750DF51C61A9F500DD46C4 /* PBXTargetDependency */ = {
			isa = PBXTargetDependency;
			target = 9B750DD91C61A9F500DD46C4 /* KVOTest */;
			targetProxy = 9B750DF41C61A9F500DD46C4 /* PBXContainerItemProxy */;
		};
		9B750E001C61A9F500DD46C4 /* PBXTargetDependency */ = {
			isa = PBXTargetDependency;
			target = 9B750DD91C61A9F500DD46C4 /* KVOTest */;
			targetProxy = 9B750DFF1C61A9F500DD46C4 /* PBXContainerItemProxy */;
		};
/* End PBXTargetDependency section */

/* Begin PBXVariantGroup section */
		9B750DE61C61A9F500DD46C4 /* Main.storyboard */ = {
			isa = PBXVariantGroup;
			children = (
				9B750DE71C61A9F500DD46C4 /* Base */,
			);
			name = Main.storyboard;
			sourceTree = "<group>";
		};
/* End PBXVariantGroup section */

/* Begin XCBuildConfiguration section */
		9B750E051C61A9F500DD46C4 /* Debug */ = {
			isa = XCBuildConfiguration;
			buildSettings = {
				ALWAYS_SEARCH_USER_PATHS = NO;
				CLANG_CXX_LANGUAGE_STANDARD = "gnu++0x";
				CLANG_CXX_LIBRARY = "libc++";
				CLANG_ENABLE_MODULES = YES;
				CLANG_ENABLE_OBJC_ARC = YES;
				CLANG_WARN_BOOL_CONVERSION = YES;
				CLANG_WARN_CONSTANT_CONVERSION = YES;
				CLANG_WARN_DIRECT_OBJC_ISA_USAGE = YES_ERROR;
				CLANG_WARN_EMPTY_BODY = YES;
				CLANG_WARN_ENUM_CONVERSION = YES;
				CLANG_WARN_INT_CONVERSION = YES;
				CLANG_WARN_OBJC_ROOT_CLASS = YES_ERROR;
				CLANG_WARN_UNREACHABLE_CODE = YES;
				CLANG_WARN__DUPLICATE_METHOD_MATCH = YES;
				"CODE_SIGN_IDENTITY[sdk=iphoneos*]" = "iPhone Developer";
				COPY_PHASE_STRIP = NO;
				DEBUG_INFORMATION_FORMAT = dwarf;
				ENABLE_STRICT_OBJC_MSGSEND = YES;
				ENABLE_TESTABILITY = YES;
				GCC_C_LANGUAGE_STANDARD = gnu99;
				GCC_DYNAMIC_NO_PIC = NO;
				GCC_NO_COMMON_BLOCKS = YES;
				GCC_OPTIMIZATION_LEVEL = 0;
				GCC_PREPROCESSOR_DEFINITIONS = (
					"DEBUG=1",
					"$(inherited)",
				);
				GCC_WARN_64_TO_32_BIT_CONVERSION = YES;
				GCC_WARN_ABOUT_RETURN_TYPE = YES_ERROR;
				GCC_WARN_UNDECLARED_SELECTOR = YES;
				GCC_WARN_UNINITIALIZED_AUTOS = YES_AGGRESSIVE;
				GCC_WARN_UNUSED_FUNCTION = YES;
				GCC_WARN_UNUSED_VARIABLE = YES;
				IPHONEOS_DEPLOYMENT_TARGET = 9.2;
				MTL_ENABLE_DEBUG_INFO = YES;
				ONLY_ACTIVE_ARCH = YES;
				SDKROOT = iphoneos;
				TARGETED_DEVICE_FAMILY = "1,2";
			};
			name = Debug;
		};
		9B750E061C61A9F500DD46C4 /* Release */ = {
			isa = XCBuildConfiguration;
			buildSettings = {
				ALWAYS_SEARCH_USER_PATHS = NO;
				CLANG_CXX_LANGUAGE_STANDARD = "gnu++0x";
				CLANG_CXX_LIBRARY = "libc++";
				CLANG_ENABLE_MODULES = YES;
				CLANG_ENABLE_OBJC_ARC = YES;
				CLANG_WARN_BOOL_CONVERSION = YES;
				CLANG_WARN_CONSTANT_CONVERSION = YES;
				CLANG_WARN_DIRECT_OBJC_ISA_USAGE = YES_ERROR;
				CLANG_WARN_EMPTY_BODY = YES;
				CLANG_WARN_ENUM_CONVERSION = YES;
				CLANG_WARN_INT_CONVERSION = YES;
				CLANG_WARN_OBJC_ROOT_CLASS = YES_ERROR;
				CLANG_WARN_UNREACHABLE_CODE = YES;
				CLANG_WARN__DUPLICATE_METHOD_MATCH = YES;
				"CODE_SIGN_IDENTITY[sdk=iphoneos*]" = "iPhone Developer";
				COPY_PHASE_STRIP = NO;
				DEBUG_INFORMATION_FORMAT = "dwarf-with-dsym";
				ENABLE_NS_ASSERTIONS = NO;
				ENABLE_STRICT_OBJC_MSGSEND = YES;
				GCC_C_LANGUAGE_STANDARD = gnu99;
				GCC_NO_COMMON_BLOCKS = YES;
				GCC_WARN_64_TO_32_BIT_CONVERSION = YES;
				GCC_WARN_ABOUT_RETURN_TYPE = YES_ERROR;
				GCC_WARN_UNDECLARED_SELECTOR = YES;
				GCC_WARN_UNINITIALIZED_AUTOS = YES_AGGRESSIVE;
				GCC_WARN_UNUSED_FUNCTION = YES;
				GCC_WARN_UNUSED_VARIABLE = YES;
				IPHONEOS_DEPLOYMENT_TARGET = 9.2;
				MTL_ENABLE_DEBUG_INFO = NO;
				SDKROOT = iphoneos;
				TARGETED_DEVICE_FAMILY = "1,2";
				VALIDATE_PRODUCT = YES;
			};
			name = Release;
		};
		9B750E081C61A9F500DD46C4 /* Debug */ = {
			isa = XCBuildConfiguration;
			buildSettings = {
				ASSETCATALOG_COMPILER_APPICON_NAME = AppIcon;
				ASSETCATALOG_COMPILER_LAUNCHIMAGE_NAME = "Brand Assets";
				INFOPLIST_FILE = KVOTest/Info.plist;
				LD_RUNPATH_SEARCH_PATHS = "$(inherited) @executable_path/Frameworks";
				PRODUCT_BUNDLE_IDENTIFIER = com.creditease.cn.KVOTest;
				PRODUCT_NAME = "$(TARGET_NAME)";
				TARGETED_DEVICE_FAMILY = 1;
			};
			name = Debug;
		};
		9B750E091C61A9F500DD46C4 /* Release */ = {
			isa = XCBuildConfiguration;
			buildSettings = {
				ASSETCATALOG_COMPILER_APPICON_NAME = AppIcon;
				ASSETCATALOG_COMPILER_LAUNCHIMAGE_NAME = "Brand Assets";
				INFOPLIST_FILE = KVOTest/Info.plist;
				LD_RUNPATH_SEARCH_PATHS = "$(inherited) @executable_path/Frameworks";
				PRODUCT_BUNDLE_IDENTIFIER = com.creditease.cn.KVOTest;
				PRODUCT_NAME = "$(TARGET_NAME)";
				TARGETED_DEVICE_FAMILY = 1;
			};
			name = Release;
		};
		9B750E0B1C61A9F500DD46C4 /* Debug */ = {
			isa = XCBuildConfiguration;
			buildSettings = {
				BUNDLE_LOADER = "$(TEST_HOST)";
				INFOPLIST_FILE = KVOTestTests/Info.plist;
				LD_RUNPATH_SEARCH_PATHS = "$(inherited) @executable_path/Frameworks @loader_path/Frameworks";
				PRODUCT_BUNDLE_IDENTIFIER = com.creditease.cn.KVOTestTests;
				PRODUCT_NAME = "$(TARGET_NAME)";
				TEST_HOST = "$(BUILT_PRODUCTS_DIR)/KVOTest.app/KVOTest";
			};
			name = Debug;
		};
		9B750E0C1C61A9F500DD46C4 /* Release */ = {
			isa = XCBuildConfiguration;
			buildSettings = {
				BUNDLE_LOADER = "$(TEST_HOST)";
				INFOPLIST_FILE = KVOTestTests/Info.plist;
				LD_RUNPATH_SEARCH_PATHS = "$(inherited) @executable_path/Frameworks @loader_path/Frameworks";
				PRODUCT_BUNDLE_IDENTIFIER = com.creditease.cn.KVOTestTests;
				PRODUCT_NAME = "$(TARGET_NAME)";
				TEST_HOST = "$(BUILT_PRODUCTS_DIR)/KVOTest.app/KVOTest";
			};
			name = Release;
		};
		9B750E0E1C61A9F500DD46C4 /* Debug */ = {
			isa = XCBuildConfiguration;
			buildSettings = {
				INFOPLIST_FILE = KVOTestUITests/Info.plist;
				LD_RUNPATH_SEARCH_PATHS = "$(inherited) @executable_path/Frameworks @loader_path/Frameworks";
				PRODUCT_BUNDLE_IDENTIFIER = com.creditease.cn.KVOTestUITests;
				PRODUCT_NAME = "$(TARGET_NAME)";
				TEST_TARGET_NAME = KVOTest;
				USES_XCTRUNNER = YES;
			};
			name = Debug;
		};
		9B750E0F1C61A9F500DD46C4 /* Release */ = {
			isa = XCBuildConfiguration;
			buildSettings = {
				INFOPLIST_FILE = KVOTestUITests/Info.plist;
				LD_RUNPATH_SEARCH_PATHS = "$(inherited) @executable_path/Frameworks @loader_path/Frameworks";
				PRODUCT_BUNDLE_IDENTIFIER = com.creditease.cn.KVOTestUITests;
				PRODUCT_NAME = "$(TARGET_NAME)";
				TEST_TARGET_NAME = KVOTest;
				USES_XCTRUNNER = YES;
			};
			name = Release;
		};
/* End XCBuildConfiguration section */

/* Begin XCConfigurationList section */
		9B750DD51C61A9F500DD46C4 /* Build configuration list for PBXProject "KVOTest" */ = {
			isa = XCConfigurationList;
			buildConfigurations = (
				9B750E051C61A9F500DD46C4 /* Debug */,
				9B750E061C61A9F500DD46C4 /* Release */,
			);
			defaultConfigurationIsVisible = 0;
			defaultConfigurationName = Release;
		};
		9B750E071C61A9F500DD46C4 /* Build configuration list for PBXNativeTarget "KVOTest" */ = {
			isa = XCConfigurationList;
			buildConfigurations = (
				9B750E081C61A9F500DD46C4 /* Debug */,
				9B750E091C61A9F500DD46C4 /* Release */,
			);
			defaultConfigurationIsVisible = 0;
			defaultConfigurationName = Release;
		};
		9B750E0A1C61A9F500DD46C4 /* Build configuration list for PBXNativeTarget "KVOTestTests" */ = {
			isa = XCConfigurationList;
			buildConfigurations = (
				9B750E0B1C61A9F500DD46C4 /* Debug */,
				9B750E0C1C61A9F500DD46C4 /* Release */,
			);
			defaultConfigurationIsVisible = 0;
			defaultConfigurationName = Release;
		};
		9B750E0D1C61A9F500DD46C4 /* Build configuration list for PBXNativeTarget "KVOTestUITests" */ = {
			isa = XCConfigurationList;
			buildConfigurations = (
				9B750E0E1C61A9F500DD46C4 /* Debug */,
				9B750E0F1C61A9F500DD46C4 /* Release */,
			);
			defaultConfigurationIsVisible = 0;
			defaultConfigurationName = Release;
		};
/* End XCConfigurationList section */
	};
	rootObject = 9B750DD21C61A9F500DD46C4 /* Project object */;
}
