// !$*UTF8*$!
{
	archiveVersion = 1;
	classes = {
	};
	objectVersion = 46;
	objects = {

/* Begin PBXBuildFile section */
		9B74A1DD1C75A0C10087AB25 /* main.m in Sources */ = {isa = PBXBuildFile; fileRef = 9B74A1DC1C75A0C10087AB25 /* main.m */; };
		9B74A1E01C75A0C10087AB25 /* AppDelegate.m in Sources */ = {isa = PBXBuildFile; fileRef = 9B74A1DF1C75A0C10087AB25 /* AppDelegate.m */; };
		9B74A1E31C75A0C10087AB25 /* ViewController.m in Sources */ = {isa = PBXBuildFile; fileRef = 9B74A1E21C75A0C10087AB25 /* ViewController.m */; };
		9B74A1E61C75A0C10087AB25 /* Main.storyboard in Resources */ = {isa = PBXBuildFile; fileRef = 9B74A1E41C75A0C10087AB25 /* Main.storyboard */; };
		9B74A1E81C75A0C10087AB25 /* Assets.xcassets in Resources */ = {isa = PBXBuildFile; fileRef = 9B74A1E71C75A0C10087AB25 /* Assets.xcassets */; };
		9B74A1EB1C75A0C10087AB25 /* LaunchScreen.storyboard in Resources */ = {isa = PBXBuildFile; fileRef = 9B74A1E91C75A0C10087AB25 /* LaunchScreen.storyboard */; };
		9B74A1F61C75A0C10087AB25 /* KVCTestTests.m in Sources */ = {isa = PBXBuildFile; fileRef = 9B74A1F51C75A0C10087AB25 /* KVCTestTests.m */; };
		9B74A2011C75A0C10087AB25 /* KVCTestUITests.m in Sources */ = {isa = PBXBuildFile; fileRef = 9B74A2001C75A0C10087AB25 /* KVCTestUITests.m */; };
		9BBEDCB01CABAD370011139C /* People.m in Sources */ = {isa = PBXBuildFile; fileRef = 9BBEDCAF1CABAD370011139C /* People.m */; };
		9BBEDCB31CABADF70011139C /* Wife.m in Sources */ = {isa = PBXBuildFile; fileRef = 9BBEDCB21CABADF70011139C /* Wife.m */; };
/* End PBXBuildFile section */

/* Begin PBXContainerItemProxy section */
		9B74A1F21C75A0C10087AB25 /* PBXContainerItemProxy */ = {
			isa = PBXContainerItemProxy;
			containerPortal = 9B74A1D01C75A0C10087AB25 /* Project object */;
			proxyType = 1;
			remoteGlobalIDString = 9B74A1D71C75A0C10087AB25;
			remoteInfo = KVCTest;
		};
		9B74A1FD1C75A0C10087AB25 /* PBXContainerItemProxy */ = {
			isa = PBXContainerItemProxy;
			containerPortal = 9B74A1D01C75A0C10087AB25 /* Project object */;
			proxyType = 1;
			remoteGlobalIDString = 9B74A1D71C75A0C10087AB25;
			remoteInfo = KVCTest;
		};
/* End PBXContainerItemProxy section */

/* Begin PBXFileReference section */
		9B74A1D81C75A0C10087AB25 /* KVCTest.app */ = {isa = PBXFileReference; explicitFileType = wrapper.application; includeInIndex = 0; path = KVCTest.app; sourceTree = BUILT_PRODUCTS_DIR; };
		9B74A1DC1C75A0C10087AB25 /* main.m */ = {isa = PBXFileReference; lastKnownFileType = sourcecode.c.objc; path = main.m; sourceTree = "<group>"; };
		9B74A1DE1C75A0C10087AB25 /* AppDelegate.h */ = {isa = PBXFileReference; lastKnownFileType = sourcecode.c.h; path = AppDelegate.h; sourceTree = "<group>"; };
		9B74A1DF1C75A0C10087AB25 /* AppDelegate.m */ = {isa = PBXFileReference; lastKnownFileType = sourcecode.c.objc; path = AppDelegate.m; sourceTree = "<group>"; };
		9B74A1E11C75A0C10087AB25 /* ViewController.h */ = {isa = PBXFileReference; lastKnownFileType = sourcecode.c.h; path = ViewController.h; sourceTree = "<group>"; };
		9B74A1E21C75A0C10087AB25 /* ViewController.m */ = {isa = PBXFileReference; lastKnownFileType = sourcecode.c.objc; path = ViewController.m; sourceTree = "<group>"; };
		9B74A1E51C75A0C10087AB25 /* Base */ = {isa = PBXFileReference; lastKnownFileType = file.storyboard; name = Base; path = Base.lproj/Main.storyboard; sourceTree = "<group>"; };
		9B74A1E71C75A0C10087AB25 /* Assets.xcassets */ = {isa = PBXFileReference; lastKnownFileType = folder.assetcatalog; path = Assets.xcassets; sourceTree = "<group>"; };
		9B74A1EA1C75A0C10087AB25 /* Base */ = {isa = PBXFileReference; lastKnownFileType = file.storyboard; name = Base; path = Base.lproj/LaunchScreen.storyboard; sourceTree = "<group>"; };
		9B74A1EC1C75A0C10087AB25 /* Info.plist */ = {isa = PBXFileReference; lastKnownFileType = text.plist.xml; path = Info.plist; sourceTree = "<group>"; };
		9B74A1F11C75A0C10087AB25 /* KVCTestTests.xctest */ = {isa = PBXFileReference; explicitFileType = wrapper.cfbundle; includeInIndex = 0; path = KVCTestTests.xctest; sourceTree = BUILT_PRODUCTS_DIR; };
		9B74A1F51C75A0C10087AB25 /* KVCTestTests.m */ = {isa = PBXFileReference; lastKnownFileType = sourcecode.c.objc; path = KVCTestTests.m; sourceTree = "<group>"; };
		9B74A1F71C75A0C10087AB25 /* Info.plist */ = {isa = PBXFileReference; lastKnownFileType = text.plist.xml; path = Info.plist; sourceTree = "<group>"; };
		9B74A1FC1C75A0C10087AB25 /* KVCTestUITests.xctest */ = {isa = PBXFileReference; explicitFileType = wrapper.cfbundle; includeInIndex = 0; path = KVCTestUITests.xctest; sourceTree = BUILT_PRODUCTS_DIR; };
		9B74A2001C75A0C10087AB25 /* KVCTestUITests.m */ = {isa = PBXFileReference; lastKnownFileType = sourcecode.c.objc; path = KVCTestUITests.m; sourceTree = "<group>"; };
		9B74A2021C75A0C10087AB25 /* Info.plist */ = {isa = PBXFileReference; lastKnownFileType = text.plist.xml; path = Info.plist; sourceTree = "<group>"; };
		9BBEDCAE1CABAD370011139C /* People.h */ = {isa = PBXFileReference; fileEncoding = 4; lastKnownFileType = sourcecode.c.h; path = People.h; sourceTree = "<group>"; };
		9BBEDCAF1CABAD370011139C /* People.m */ = {isa = PBXFileReference; fileEncoding = 4; lastKnownFileType = sourcecode.c.objc; path = People.m; sourceTree = "<group>"; };
		9BBEDCB11CABADF70011139C /* Wife.h */ = {isa = PBXFileReference; fileEncoding = 4; lastKnownFileType = sourcecode.c.h; path = Wife.h; sourceTree = "<group>"; };
		9BBEDCB21CABADF70011139C /* Wife.m */ = {isa = PBXFileReference; fileEncoding = 4; lastKnownFileType = sourcecode.c.objc; path = Wife.m; sourceTree = "<group>"; };
/* End PBXFileReference section */

/* Begin PBXFrameworksBuildPhase section */
		9B74A1D51C75A0C10087AB25 /* Frameworks */ = {
			isa = PBXFrameworksBuildPhase;
			buildActionMask = 2147483647;
			files = (
			);
			runOnlyForDeploymentPostprocessing = 0;
		};
		9B74A1EE1C75A0C10087AB25 /* Frameworks */ = {
			isa = PBXFrameworksBuildPhase;
			buildActionMask = 2147483647;
			files = (
			);
			runOnlyForDeploymentPostprocessing = 0;
		};
		9B74A1F91C75A0C10087AB25 /* Frameworks */ = {
			isa = PBXFrameworksBuildPhase;
			buildActionMask = 2147483647;
			files = (
			);
			runOnlyForDeploymentPostprocessing = 0;
		};
/* End PBXFrameworksBuildPhase section */

/* Begin PBXGroup section */
		9B74A1CF1C75A0C10087AB25 = {
			isa = PBXGroup;
			children = (
				9B74A1DA1C75A0C10087AB25 /* KVCTest */,
				9B74A1F41C75A0C10087AB25 /* KVCTestTests */,
				9B74A1FF1C75A0C10087AB25 /* KVCTestUITests */,
				9B74A1D91C75A0C10087AB25 /* Products */,
			);
			sourceTree = "<group>";
		};
		9B74A1D91C75A0C10087AB25 /* Products */ = {
			isa = PBXGroup;
			children = (
				9B74A1D81C75A0C10087AB25 /* KVCTest.app */,
				9B74A1F11C75A0C10087AB25 /* KVCTestTests.xctest */,
				9B74A1FC1C75A0C10087AB25 /* KVCTestUITests.xctest */,
			);
			name = Products;
			sourceTree = "<group>";
		};
		9B74A1DA1C75A0C10087AB25 /* KVCTest */ = {
			isa = PBXGroup;
			children = (
				9B74A1DE1C75A0C10087AB25 /* AppDelegate.h */,
				9B74A1DF1C75A0C10087AB25 /* AppDelegate.m */,
				9B74A1E11C75A0C10087AB25 /* ViewController.h */,
				9B74A1E21C75A0C10087AB25 /* ViewController.m */,
				9BBEDCAE1CABAD370011139C /* People.h */,
				9BBEDCAF1CABAD370011139C /* People.m */,
				9BBEDCB11CABADF70011139C /* Wife.h */,
				9BBEDCB21CABADF70011139C /* Wife.m */,
				9B74A1E41C75A0C10087AB25 /* Main.storyboard */,
				9B74A1E71C75A0C10087AB25 /* Assets.xcassets */,
				9B74A1E91C75A0C10087AB25 /* LaunchScreen.storyboard */,
				9B74A1EC1C75A0C10087AB25 /* Info.plist */,
				9B74A1DB1C75A0C10087AB25 /* Supporting Files */,
			);
			path = KVCTest;
			sourceTree = "<group>";
		};
		9B74A1DB1C75A0C10087AB25 /* Supporting Files */ = {
			isa = PBXGroup;
			children = (
				9B74A1DC1C75A0C10087AB25 /* main.m */,
			);
			name = "Supporting Files";
			sourceTree = "<group>";
		};
		9B74A1F41C75A0C10087AB25 /* KVCTestTests */ = {
			isa = PBXGroup;
			children = (
				9B74A1F51C75A0C10087AB25 /* KVCTestTests.m */,
				9B74A1F71C75A0C10087AB25 /* Info.plist */,
			);
			path = KVCTestTests;
			sourceTree = "<group>";
		};
		9B74A1FF1C75A0C10087AB25 /* KVCTestUITests */ = {
			isa = PBXGroup;
			children = (
				9B74A2001C75A0C10087AB25 /* KVCTestUITests.m */,
				9B74A2021C75A0C10087AB25 /* Info.plist */,
			);
			path = KVCTestUITests;
			sourceTree = "<group>";
		};
/* End PBXGroup section */

/* Begin PBXNativeTarget section */
		9B74A1D71C75A0C10087AB25 /* KVCTest */ = {
			isa = PBXNativeTarget;
			buildConfigurationList = 9B74A2051C75A0C10087AB25 /* Build configuration list for PBXNativeTarget "KVCTest" */;
			buildPhases = (
				9B74A1D41C75A0C10087AB25 /* Sources */,
				9B74A1D51C75A0C10087AB25 /* Frameworks */,
				9B74A1D61C75A0C10087AB25 /* Resources */,
			);
			buildRules = (
			);
			dependencies = (
			);
			name = KVCTest;
			productName = KVCTest;
			productReference = 9B74A1D81C75A0C10087AB25 /* KVCTest.app */;
			productType = "com.apple.product-type.application";
		};
		9B74A1F01C75A0C10087AB25 /* KVCTestTests */ = {
			isa = PBXNativeTarget;
			buildConfigurationList = 9B74A2081C75A0C10087AB25 /* Build configuration list for PBXNativeTarget "KVCTestTests" */;
			buildPhases = (
				9B74A1ED1C75A0C10087AB25 /* Sources */,
				9B74A1EE1C75A0C10087AB25 /* Frameworks */,
				9B74A1EF1C75A0C10087AB25 /* Resources */,
			);
			buildRules = (
			);
			dependencies = (
				9B74A1F31C75A0C10087AB25 /* PBXTargetDependency */,
			);
			name = KVCTestTests;
			productName = KVCTestTests;
			productReference = 9B74A1F11C75A0C10087AB25 /* KVCTestTests.xctest */;
			productType = "com.apple.product-type.bundle.unit-test";
		};
		9B74A1FB1C75A0C10087AB25 /* KVCTestUITests */ = {
			isa = PBXNativeTarget;
			buildConfigurationList = 9B74A20B1C75A0C10087AB25 /* Build configuration list for PBXNativeTarget "KVCTestUITests" */;
			buildPhases = (
				9B74A1F81C75A0C10087AB25 /* Sources */,
				9B74A1F91C75A0C10087AB25 /* Frameworks */,
				9B74A1FA1C75A0C10087AB25 /* Resources */,
			);
			buildRules = (
			);
			dependencies = (
				9B74A1FE1C75A0C10087AB25 /* PBXTargetDependency */,
			);
			name = KVCTestUITests;
			productName = KVCTestUITests;
			productReference = 9B74A1FC1C75A0C10087AB25 /* KVCTestUITests.xctest */;
			productType = "com.apple.product-type.bundle.ui-testing";
		};
/* End PBXNativeTarget section */

/* Begin PBXProject section */
		9B74A1D01C75A0C10087AB25 /* Project object */ = {
			isa = PBXProject;
			attributes = {
				LastUpgradeCheck = 0720;
				ORGANIZATIONNAME = wanglei;
				TargetAttributes = {
					9B74A1D71C75A0C10087AB25 = {
						CreatedOnToolsVersion = 7.2.1;
					};
					9B74A1F01C75A0C10087AB25 = {
						CreatedOnToolsVersion = 7.2.1;
						TestTargetID = 9B74A1D71C75A0C10087AB25;
					};
					9B74A1FB1C75A0C10087AB25 = {
						CreatedOnToolsVersion = 7.2.1;
						TestTargetID = 9B74A1D71C75A0C10087AB25;
					};
				};
			};
			buildConfigurationList = 9B74A1D31C75A0C10087AB25 /* Build configuration list for PBXProject "KVCTest" */;
			compatibilityVersion = "Xcode 3.2";
			developmentRegion = English;
			hasScannedForEncodings = 0;
			knownRegions = (
				en,
				Base,
			);
			mainGroup = 9B74A1CF1C75A0C10087AB25;
			productRefGroup = 9B74A1D91C75A0C10087AB25 /* Products */;
			projectDirPath = "";
			projectRoot = "";
			targets = (
				9B74A1D71C75A0C10087AB25 /* KVCTest */,
				9B74A1F01C75A0C10087AB25 /* KVCTestTests */,
				9B74A1FB1C75A0C10087AB25 /* KVCTestUITests */,
			);
		};
/* End PBXProject section */

/* Begin PBXResourcesBuildPhase section */
		9B74A1D61C75A0C10087AB25 /* Resources */ = {
			isa = PBXResourcesBuildPhase;
			buildActionMask = 2147483647;
			files = (
				9B74A1EB1C75A0C10087AB25 /* LaunchScreen.storyboard in Resources */,
				9B74A1E81C75A0C10087AB25 /* Assets.xcassets in Resources */,
				9B74A1E61C75A0C10087AB25 /* Main.storyboard in Resources */,
			);
			runOnlyForDeploymentPostprocessing = 0;
		};
		9B74A1EF1C75A0C10087AB25 /* Resources */ = {
			isa = PBXResourcesBuildPhase;
			buildActionMask = 2147483647;
			files = (
			);
			runOnlyForDeploymentPostprocessing = 0;
		};
		9B74A1FA1C75A0C10087AB25 /* Resources */ = {
			isa = PBXResourcesBuildPhase;
			buildActionMask = 2147483647;
			files = (
			);
			runOnlyForDeploymentPostprocessing = 0;
		};
/* End PBXResourcesBuildPhase section */

/* Begin PBXSourcesBuildPhase section */
		9B74A1D41C75A0C10087AB25 /* Sources */ = {
			isa = PBXSourcesBuildPhase;
			buildActionMask = 2147483647;
			files = (
				9BBEDCB31CABADF70011139C /* Wife.m in Sources */,
				9BBEDCB01CABAD370011139C /* People.m in Sources */,
				9B74A1E31C75A0C10087AB25 /* ViewController.m in Sources */,
				9B74A1E01C75A0C10087AB25 /* AppDelegate.m in Sources */,
				9B74A1DD1C75A0C10087AB25 /* main.m in Sources */,
			);
			runOnlyForDeploymentPostprocessing = 0;
		};
		9B74A1ED1C75A0C10087AB25 /* Sources */ = {
			isa = PBXSourcesBuildPhase;
			buildActionMask = 2147483647;
			files = (
				9B74A1F61C75A0C10087AB25 /* KVCTestTests.m in Sources */,
			);
			runOnlyForDeploymentPostprocessing = 0;
		};
		9B74A1F81C75A0C10087AB25 /* Sources */ = {
			isa = PBXSourcesBuildPhase;
			buildActionMask = 2147483647;
			files = (
				9B74A2011C75A0C10087AB25 /* KVCTestUITests.m in Sources */,
			);
			runOnlyForDeploymentPostprocessing = 0;
		};
/* End PBXSourcesBuildPhase section */

/* Begin PBXTargetDependency section */
		9B74A1F31C75A0C10087AB25 /* PBXTargetDependency */ = {
			isa = PBXTargetDependency;
			target = 9B74A1D71C75A0C10087AB25 /* KVCTest */;
			targetProxy = 9B74A1F21C75A0C10087AB25 /* PBXContainerItemProxy */;
		};
		9B74A1FE1C75A0C10087AB25 /* PBXTargetDependency */ = {
			isa = PBXTargetDependency;
			target = 9B74A1D71C75A0C10087AB25 /* KVCTest */;
			targetProxy = 9B74A1FD1C75A0C10087AB25 /* PBXContainerItemProxy */;
		};
/* End PBXTargetDependency section */

/* Begin PBXVariantGroup section */
		9B74A1E41C75A0C10087AB25 /* Main.storyboard */ = {
			isa = PBXVariantGroup;
			children = (
				9B74A1E51C75A0C10087AB25 /* Base */,
			);
			name = Main.storyboard;
			sourceTree = "<group>";
		};
		9B74A1E91C75A0C10087AB25 /* LaunchScreen.storyboard */ = {
			isa = PBXVariantGroup;
			children = (
				9B74A1EA1C75A0C10087AB25 /* Base */,
			);
			name = LaunchScreen.storyboard;
			sourceTree = "<group>";
		};
/* End PBXVariantGroup section */

/* Begin XCBuildConfiguration section */
		9B74A2031C75A0C10087AB25 /* Debug */ = {
			isa = XCBuildConfiguration;
			buildSettings = {
				ALWAYS_SEARCH_USER_PATHS = NO;
				CLANG_CXX_LANGUAGE_STANDARD = "gnu++0x";
				CLANG_CXX_LIBRARY = "libc++";
				CLANG_ENABLE_MODULES = YES;
				CLANG_ENABLE_OBJC_ARC = YES;
				CLANG_WARN_BOOL_CONVERSION = YES;
				CLANG_WARN_CONSTANT_CONVERSION = YES;
				CLANG_WARN_DIRECT_OBJC_ISA_USAGE = YES_ERROR;
				CLANG_WARN_EMPTY_BODY = YES;
				CLANG_WARN_ENUM_CONVERSION = YES;
				CLANG_WARN_INT_CONVERSION = YES;
				CLANG_WARN_OBJC_ROOT_CLASS = YES_ERROR;
				CLANG_WARN_UNREACHABLE_CODE = YES;
				CLANG_WARN__DUPLICATE_METHOD_MATCH = YES;
				"CODE_SIGN_IDENTITY[sdk=iphoneos*]" = "iPhone Developer";
				COPY_PHASE_STRIP = NO;
				DEBUG_INFORMATION_FORMAT = dwarf;
				ENABLE_STRICT_OBJC_MSGSEND = YES;
				ENABLE_TESTABILITY = YES;
				GCC_C_LANGUAGE_STANDARD = gnu99;
				GCC_DYNAMIC_NO_PIC = NO;
				GCC_NO_COMMON_BLOCKS = YES;
				GCC_OPTIMIZATION_LEVEL = 0;
				GCC_PREPROCESSOR_DEFINITIONS = (
					"DEBUG=1",
					"$(inherited)",
				);
				GCC_WARN_64_TO_32_BIT_CONVERSION = YES;
				GCC_WARN_ABOUT_RETURN_TYPE = YES_ERROR;
				GCC_WARN_UNDECLARED_SELECTOR = YES;
				GCC_WARN_UNINITIALIZED_AUTOS = YES_AGGRESSIVE;
				GCC_WARN_UNUSED_FUNCTION = YES;
				GCC_WARN_UNUSED_VARIABLE = YES;
				IPHONEOS_DEPLOYMENT_TARGET = 9.2;
				MTL_ENABLE_DEBUG_INFO = YES;
				ONLY_ACTIVE_ARCH = YES;
				SDKROOT = iphoneos;
			};
			name = Debug;
		};
		9B74A2041C75A0C10087AB25 /* Release */ = {
			isa = XCBuildConfiguration;
			buildSettings = {
				ALWAYS_SEARCH_USER_PATHS = NO;
				CLANG_CXX_LANGUAGE_STANDARD = "gnu++0x";
				CLANG_CXX_LIBRARY = "libc++";
				CLANG_ENABLE_MODULES = YES;
				CLANG_ENABLE_OBJC_ARC = YES;
				CLANG_WARN_BOOL_CONVERSION = YES;
				CLANG_WARN_CONSTANT_CONVERSION = YES;
				CLANG_WARN_DIRECT_OBJC_ISA_USAGE = YES_ERROR;
				CLANG_WARN_EMPTY_BODY = YES;
				CLANG_WARN_ENUM_CONVERSION = YES;
				CLANG_WARN_INT_CONVERSION = YES;
				CLANG_WARN_OBJC_ROOT_CLASS = YES_ERROR;
				CLANG_WARN_UNREACHABLE_CODE = YES;
				CLANG_WARN__DUPLICATE_METHOD_MATCH = YES;
				"CODE_SIGN_IDENTITY[sdk=iphoneos*]" = "iPhone Developer";
				COPY_PHASE_STRIP = NO;
				DEBUG_INFORMATION_FORMAT = "dwarf-with-dsym";
				ENABLE_NS_ASSERTIONS = NO;
				ENABLE_STRICT_OBJC_MSGSEND = YES;
				GCC_C_LANGUAGE_STANDARD = gnu99;
				GCC_NO_COMMON_BLOCKS = YES;
				GCC_WARN_64_TO_32_BIT_CONVERSION = YES;
				GCC_WARN_ABOUT_RETURN_TYPE = YES_ERROR;
				GCC_WARN_UNDECLARED_SELECTOR = YES;
				GCC_WARN_UNINITIALIZED_AUTOS = YES_AGGRESSIVE;
				GCC_WARN_UNUSED_FUNCTION = YES;
				GCC_WARN_UNUSED_VARIABLE = YES;
				IPHONEOS_DEPLOYMENT_TARGET = 9.2;
				MTL_ENABLE_DEBUG_INFO = NO;
				SDKROOT = iphoneos;
				VALIDATE_PRODUCT = YES;
			};
			name = Release;
		};
		9B74A2061C75A0C10087AB25 /* Debug */ = {
			isa = XCBuildConfiguration;
			buildSettings = {
				ASSETCATALOG_COMPILER_APPICON_NAME = AppIcon;
				INFOPLIST_FILE = KVCTest/Info.plist;
				LD_RUNPATH_SEARCH_PATHS = "$(inherited) @executable_path/Frameworks";
				PRODUCT_BUNDLE_IDENTIFIER = com.creditease.cn.KVCTest;
				PRODUCT_NAME = "$(TARGET_NAME)";
			};
			name = Debug;
		};
		9B74A2071C75A0C10087AB25 /* Release */ = {
			isa = XCBuildConfiguration;
			buildSettings = {
				ASSETCATALOG_COMPILER_APPICON_NAME = AppIcon;
				INFOPLIST_FILE = KVCTest/Info.plist;
				LD_RUNPATH_SEARCH_PATHS = "$(inherited) @executable_path/Frameworks";
				PRODUCT_BUNDLE_IDENTIFIER = com.creditease.cn.KVCTest;
				PRODUCT_NAME = "$(TARGET_NAME)";
			};
			name = Release;
		};
		9B74A2091C75A0C10087AB25 /* Debug */ = {
			isa = XCBuildConfiguration;
			buildSettings = {
				BUNDLE_LOADER = "$(TEST_HOST)";
				INFOPLIST_FILE = KVCTestTests/Info.plist;
				LD_RUNPATH_SEARCH_PATHS = "$(inherited) @executable_path/Frameworks @loader_path/Frameworks";
				PRODUCT_BUNDLE_IDENTIFIER = com.creditease.cn.KVCTestTests;
				PRODUCT_NAME = "$(TARGET_NAME)";
				TEST_HOST = "$(BUILT_PRODUCTS_DIR)/KVCTest.app/KVCTest";
			};
			name = Debug;
		};
		9B74A20A1C75A0C10087AB25 /* Release */ = {
			isa = XCBuildConfiguration;
			buildSettings = {
				BUNDLE_LOADER = "$(TEST_HOST)";
				INFOPLIST_FILE = KVCTestTests/Info.plist;
				LD_RUNPATH_SEARCH_PATHS = "$(inherited) @executable_path/Frameworks @loader_path/Frameworks";
				PRODUCT_BUNDLE_IDENTIFIER = com.creditease.cn.KVCTestTests;
				PRODUCT_NAME = "$(TARGET_NAME)";
				TEST_HOST = "$(BUILT_PRODUCTS_DIR)/KVCTest.app/KVCTest";
			};
			name = Release;
		};
		9B74A20C1C75A0C10087AB25 /* Debug */ = {
			isa = XCBuildConfiguration;
			buildSettings = {
				INFOPLIST_FILE = KVCTestUITests/Info.plist;
				LD_RUNPATH_SEARCH_PATHS = "$(inherited) @executable_path/Frameworks @loader_path/Frameworks";
				PRODUCT_BUNDLE_IDENTIFIER = com.creditease.cn.KVCTestUITests;
				PRODUCT_NAME = "$(TARGET_NAME)";
				TEST_TARGET_NAME = KVCTest;
				USES_XCTRUNNER = YES;
			};
			name = Debug;
		};
		9B74A20D1C75A0C10087AB25 /* Release */ = {
			isa = XCBuildConfiguration;
			buildSettings = {
				INFOPLIST_FILE = KVCTestUITests/Info.plist;
				LD_RUNPATH_SEARCH_PATHS = "$(inherited) @executable_path/Frameworks @loader_path/Frameworks";
				PRODUCT_BUNDLE_IDENTIFIER = com.creditease.cn.KVCTestUITests;
				PRODUCT_NAME = "$(TARGET_NAME)";
				TEST_TARGET_NAME = KVCTest;
				USES_XCTRUNNER = YES;
			};
			name = Release;
		};
/* End XCBuildConfiguration section */

/* Begin XCConfigurationList section */
		9B74A1D31C75A0C10087AB25 /* Build configuration list for PBXProject "KVCTest" */ = {
			isa = XCConfigurationList;
			buildConfigurations = (
				9B74A2031C75A0C10087AB25 /* Debug */,
				9B74A2041C75A0C10087AB25 /* Release */,
			);
			defaultConfigurationIsVisible = 0;
			defaultConfigurationName = Release;
		};
		9B74A2051C75A0C10087AB25 /* Build configuration list for PBXNativeTarget "KVCTest" */ = {
			isa = XCConfigurationList;
			buildConfigurations = (
				9B74A2061C75A0C10087AB25 /* Debug */,
				9B74A2071C75A0C10087AB25 /* Release */,
			);
			defaultConfigurationIsVisible = 0;
			defaultConfigurationName = Release;
		};
		9B74A2081C75A0C10087AB25 /* Build configuration list for PBXNativeTarget "KVCTestTests" */ = {
			isa = XCConfigurationList;
			buildConfigurations = (
				9B74A2091C75A0C10087AB25 /* Debug */,
				9B74A20A1C75A0C10087AB25 /* Release */,
			);
			defaultConfigurationIsVisible = 0;
			defaultConfigurationName = Release;
		};
		9B74A20B1C75A0C10087AB25 /* Build configuration list for PBXNativeTarget "KVCTestUITests" */ = {
			isa = XCConfigurationList;
			buildConfigurations = (
				9B74A20C1C75A0C10087AB25 /* Debug */,
				9B74A20D1C75A0C10087AB25 /* Release */,
			);
			defaultConfigurationIsVisible = 0;
			defaultConfigurationName = Release;
		};
/* End XCConfigurationList section */
	};
	rootObject = 9B74A1D01C75A0C10087AB25 /* Project object */;
}
